
Microsoft Visual Studio Solution File, Format Version 12.00
# Visual Studio 15
VisualStudioVersion = 15.0.26228.4
MinimumVisualStudioVersion = 10.0.40219.1
Project("{FAE04EC0-301F-11D3-BF4B-00C04F79EFBC}") = "iS3.ImportTools.Data", "iS3.ImportTools.Data\iS3.ImportTools.Data.csproj", "{3AFF1A72-234C-4E01-AC4D-3118444D40FC}"
EndProject
Project("{FAE04EC0-301F-11D3-BF4B-00C04F79EFBC}") = "iS3.ImportTools.DataStanardTool", "iS3.ImportTools.DataStanardTool\iS3.ImportTools.DataStanardTool.csproj", "{E1593E9E-E9E0-45AC-A1D1-79354BFF5A05}"
EndProject
Project("{FAE04EC0-301F-11D3-BF4B-00C04F79EFBC}") = "iS3.ImportTools.Core", "iS3.ImportTools.Core\iS3.ImportTools.Core.csproj", "{AFCC1B7C-FA3D-40A7-9E02-B206288F74EC}"
EndProject
Global
	GlobalSection(SolutionConfigurationPlatforms) = preSolution
		Debug|Any CPU = Debug|Any CPU
		Release|Any CPU = Release|Any CPU
	EndGlobalSection
	GlobalSection(ProjectConfigurationPlatforms) = postSolution
		{3AFF1A72-234C-4E01-AC4D-3118444D40FC}.Debug|Any CPU.ActiveCfg = Debug|Any CPU
		{3AFF1A72-234C-4E01-AC4D-3118444D40FC}.Debug|Any CPU.Build.0 = Debug|Any CPU
		{3AFF1A72-234C-4E01-AC4D-3118444D40FC}.Release|Any CPU.ActiveCfg = Release|Any CPU
		{3AFF1A72-234C-4E01-AC4D-3118444D40FC}.Release|Any CPU.Build.0 = Release|Any CPU
		{E1593E9E-E9E0-45AC-A1D1-79354BFF5A05}.Debug|Any CPU.ActiveCfg = Debug|Any CPU
		{E1593E9E-E9E0-45AC-A1D1-79354BFF5A05}.Debug|Any CPU.Build.0 = Debug|Any CPU
		{E1593E9E-E9E0-45AC-A1D1-79354BFF5A05}.Release|Any CPU.ActiveCfg = Release|Any CPU
		{E1593E9E-E9E0-45AC-A1D1-79354BFF5A05}.Release|Any CPU.Build.0 = Release|Any CPU
		{AFCC1B7C-FA3D-40A7-9E02-B206288F74EC}.Debug|Any CPU.ActiveCfg = Debug|Any CPU
		{AFCC1B7C-FA3D-40A7-9E02-B206288F74EC}.Debug|Any CPU.Build.0 = Debug|Any CPU
		{AFCC1B7C-FA3D-40A7-9E02-B206288F74EC}.Release|Any CPU.ActiveCfg = Release|Any CPU
		{AFCC1B7C-FA3D-40A7-9E02-B206288F74EC}.Release|Any CPU.Build.0 = Release|Any CPU
	EndGlobalSection
	GlobalSection(SolutionProperties) = preSolution
		HideSolutionNode = FALSE
	EndGlobalSection
EndGlobal
